
Microsoft Visual Studio Solution File, Format Version 12.00
# Visual Studio Version 16
VisualStudioVersion = 16.0.30703.110
MinimumVisualStudioVersion = 10.0.40219.1
Project("{8BC9CEB8-8B4A-11D0-8D11-00A0C91BC942}") = "cs2413_hw5", "cs2413_hw5\cs2413_hw5.vcxproj", "{C0B8FC97-BC7F-42CC-A4B3-881BCD6170BF}"
EndProject
Global
	GlobalSection(SolutionConfigurationPlatforms) = preSolution
		Debug|x64 = Debug|x64
		Debug|x86 = Debug|x86
		Release|x64 = Release|x64
		Release|x86 = Release|x86
	EndGlobalSection
	GlobalSection(ProjectConfigurationPlatforms) = postSolution
		{C0B8FC97-BC7F-42CC-A4B3-881BCD6170BF}.Debug|x64.ActiveCfg = Debug|x64
		{C0B8FC97-BC7F-42CC-A4B3-881BCD6170BF}.Debug|x64.Build.0 = Debug|x64
		{C0B8FC97-BC7F-42CC-A4B3-881BCD6170BF}.Debug|x86.ActiveCfg = Debug|Win32
		{C0B8FC97-BC7F-42CC-A4B3-881BCD6170BF}.Debug|x86.Build.0 = Debug|Win32
		{C0B8FC97-BC7F-42CC-A4B3-881BCD6170BF}.Release|x64.ActiveCfg = Release|x64
		{C0B8FC97-BC7F-42CC-A4B3-881BCD6170BF}.Release|x64.Build.0 = Release|x64
		{C0B8FC97-BC7F-42CC-A4B3-881BCD6170BF}.Release|x86.ActiveCfg = Release|Win32
		{C0B8FC97-BC7F-42CC-A4B3-881BCD6170BF}.Release|x86.Build.0 = Release|Win32
	EndGlobalSection
	GlobalSection(SolutionProperties) = preSolution
		HideSolutionNode = FALSE
	EndGlobalSection
	GlobalSection(ExtensibilityGlobals) = postSolution
		SolutionGuid = {02747922-20BA-4D3A-87BD-D23389C6F63E}
	EndGlobalSection
EndGlobal
